
Microsoft Visual Studio Solution File, Format Version 12.00
# Visual Studio Version 17
VisualStudioVersion = 17.5.33516.290
MinimumVisualStudioVersion = 10.0.40219.1
Project("{FAE04EC0-301F-11D3-BF4B-00C04F79EFBC}") = "BusinessApplication", "BusinessApplication.csproj", "{C669964F-AA9A-41EE-B374-35BA0B33C9C2}"
EndProject
Global
	GlobalSection(SolutionConfigurationPlatforms) = preSolution
		Debug|Any CPU = Debug|Any CPU
		Release|Any CPU = Release|Any CPU
	EndGlobalSection
	GlobalSection(ProjectConfigurationPlatforms) = postSolution
		{C669964F-AA9A-41EE-B374-35BA0B33C9C2}.Debug|Any CPU.ActiveCfg = Debug|Any CPU
		{C669964F-AA9A-41EE-B374-35BA0B33C9C2}.Debug|Any CPU.Build.0 = Debug|Any CPU
		{C669964F-AA9A-41EE-B374-35BA0B33C9C2}.Release|Any CPU.ActiveCfg = Release|Any CPU
		{C669964F-AA9A-41EE-B374-35BA0B33C9C2}.Release|Any CPU.Build.0 = Release|Any CPU
	EndGlobalSection
	GlobalSection(SolutionProperties) = preSolution
		HideSolutionNode = FALSE
	EndGlobalSection
	GlobalSection(ExtensibilityGlobals) = postSolution
		SolutionGuid = {B22AAFFA-2700-4A11-B18D-F866B7EBF20C}
	EndGlobalSection
EndGlobal
